
Microsoft Visual Studio Solution File, Format Version 12.00
# Visual Studio Version 16
VisualStudioVersion = 16.0.32228.343
MinimumVisualStudioVersion = 10.0.40219.1
Project("{FAE04EC0-301F-11D3-BF4B-00C04F79EFBC}") = "2-3-Tree", "2-3-Tree.csproj", "{212DA232-2FBB-458C-B65D-27DDD2F398E5}"
EndProject
Global
	GlobalSection(SolutionConfigurationPlatforms) = preSolution
		Debug|Any CPU = Debug|Any CPU
		Release|Any CPU = Release|Any CPU
	EndGlobalSection
	GlobalSection(ProjectConfigurationPlatforms) = postSolution
		{212DA232-2FBB-458C-B65D-27DDD2F398E5}.Debug|Any CPU.ActiveCfg = Debug|Any CPU
		{212DA232-2FBB-458C-B65D-27DDD2F398E5}.Debug|Any CPU.Build.0 = Debug|Any CPU
		{212DA232-2FBB-458C-B65D-27DDD2F398E5}.Release|Any CPU.ActiveCfg = Release|Any CPU
		{212DA232-2FBB-458C-B65D-27DDD2F398E5}.Release|Any CPU.Build.0 = Release|Any CPU
	EndGlobalSection
	GlobalSection(SolutionProperties) = preSolution
		HideSolutionNode = FALSE
	EndGlobalSection
	GlobalSection(ExtensibilityGlobals) = postSolution
		SolutionGuid = {AC81444E-161C-4819-A06D-D8169D268AB8}
	EndGlobalSection
EndGlobal
